// !$*UTF8*$!
{
	archiveVersion = 1;
	classes = {
	};
	objectVersion = 50;
	objects = {

/* Begin PBXBuildFile section */
		D50D2510217C91D500DB39EC /* AppDelegate.swift in Sources */ = {isa = PBXBuildFile; fileRef = D50D250F217C91D500DB39EC /* AppDelegate.swift */; };
		D50D2512217C91D500DB39EC /* MainController.swift in Sources */ = {isa = PBXBuildFile; fileRef = D50D2511217C91D500DB39EC /* MainController.swift */; };
		D50D2515217C91D500DB39EC /* Main.storyboard in Resources */ = {isa = PBXBuildFile; fileRef = D50D2513217C91D500DB39EC /* Main.storyboard */; };
		D50D2517217C91D800DB39EC /* Assets.xcassets in Resources */ = {isa = PBXBuildFile; fileRef = D50D2516217C91D800DB39EC /* Assets.xcassets */; };
		D50D251A217C91D800DB39EC /* LaunchScreen.storyboard in Resources */ = {isa = PBXBuildFile; fileRef = D50D2518217C91D800DB39EC /* LaunchScreen.storyboard */; };
		D50D252F217C97CC00DB39EC /* DeepLinkOption.swift in Sources */ = {isa = PBXBuildFile; fileRef = D50D252E217C97CC00DB39EC /* DeepLinkOption.swift */; };
		D50D2532217C9A6100DB39EC /* BaseCoordinator.swift in Sources */ = {isa = PBXBuildFile; fileRef = D50D2531217C9A6100DB39EC /* BaseCoordinator.swift */; };
		D50D2534217C9B2C00DB39EC /* Presentable.swift in Sources */ = {isa = PBXBuildFile; fileRef = D50D2533217C9B2C00DB39EC /* Presentable.swift */; };
		D50D2536217C9BF400DB39EC /* Router.swift in Sources */ = {isa = PBXBuildFile; fileRef = D50D2535217C9BF400DB39EC /* Router.swift */; };
		D50D2538217C9C3800DB39EC /* RouterImpl.swift in Sources */ = {isa = PBXBuildFile; fileRef = D50D2537217C9C3800DB39EC /* RouterImpl.swift */; };
		D50D253A217C9C7600DB39EC /* NSObjectExtensions.swift in Sources */ = {isa = PBXBuildFile; fileRef = D50D2539217C9C7600DB39EC /* NSObjectExtensions.swift */; };
		D50D253C217C9EAD00DB39EC /* UIViewExtensions.swift in Sources */ = {isa = PBXBuildFile; fileRef = D50D253B217C9EAD00DB39EC /* UIViewExtensions.swift */; };
		D50D253E217C9ED700DB39EC /* UIViewControllerExtensions.swift in Sources */ = {isa = PBXBuildFile; fileRef = D50D253D217C9ED700DB39EC /* UIViewControllerExtensions.swift */; };
		D50D2540217C9F2300DB39EC /* StoryboardsEnum.swift in Sources */ = {isa = PBXBuildFile; fileRef = D50D253F217C9F2300DB39EC /* StoryboardsEnum.swift */; };
		D50D2542217CB1D500DB39EC /* Player.swift in Sources */ = {isa = PBXBuildFile; fileRef = D50D2541217CB1D500DB39EC /* Player.swift */; };
		D50D2544217CB20000DB39EC /* Game.swift in Sources */ = {isa = PBXBuildFile; fileRef = D50D2543217CB20000DB39EC /* Game.swift */; };
		D50D2546217CB2A000DB39EC /* CoordinatorFactory.swift in Sources */ = {isa = PBXBuildFile; fileRef = D50D2545217CB2A000DB39EC /* CoordinatorFactory.swift */; };
		D50D2549217CB2BD00DB39EC /* CoordinatorFactoryImpl.swift in Sources */ = {isa = PBXBuildFile; fileRef = D50D2548217CB2BD00DB39EC /* CoordinatorFactoryImpl.swift */; };
		D50D254B217CB4D000DB39EC /* OnboardingCoordinatorOutput.swift in Sources */ = {isa = PBXBuildFile; fileRef = D50D254A217CB4D000DB39EC /* OnboardingCoordinatorOutput.swift */; };
		D50D254D217CBDEB00DB39EC /* OnboardingCoordinator.swift in Sources */ = {isa = PBXBuildFile; fileRef = D50D254C217CBDEB00DB39EC /* OnboardingCoordinator.swift */; };
		D50D2550217CBF7000DB39EC /* Auth.storyboard in Resources */ = {isa = PBXBuildFile; fileRef = D50D254F217CBF7000DB39EC /* Auth.storyboard */; };
		D50D2552217CBF8100DB39EC /* Onboarding.storyboard in Resources */ = {isa = PBXBuildFile; fileRef = D50D2551217CBF8100DB39EC /* Onboarding.storyboard */; };
		D50D2554217CBFB300DB39EC /* JoinGame.storyboard in Resources */ = {isa = PBXBuildFile; fileRef = D50D2553217CBFB300DB39EC /* JoinGame.storyboard */; };
		D50D2556217CBFD200DB39EC /* Game.storyboard in Resources */ = {isa = PBXBuildFile; fileRef = D50D2555217CBFD200DB39EC /* Game.storyboard */; };
		D50D255F217CC13900DB39EC /* AuthCoordinatorOutput.swift in Sources */ = {isa = PBXBuildFile; fileRef = D50D255E217CC13900DB39EC /* AuthCoordinatorOutput.swift */; };
		D50D2561217CC14500DB39EC /* AuthCoordinator.swift in Sources */ = {isa = PBXBuildFile; fileRef = D50D2560217CC14500DB39EC /* AuthCoordinator.swift */; };
		D50D2563217CC22500DB39EC /* GameCoordinatorOutput.swift in Sources */ = {isa = PBXBuildFile; fileRef = D50D2562217CC22500DB39EC /* GameCoordinatorOutput.swift */; };
		D50D2565217CC23400DB39EC /* GameCoordinator.swift in Sources */ = {isa = PBXBuildFile; fileRef = D50D2564217CC23400DB39EC /* GameCoordinator.swift */; };
		D50D2568217CC24A00DB39EC /* MainCoordinatorOutput.swift in Sources */ = {isa = PBXBuildFile; fileRef = D50D2567217CC24A00DB39EC /* MainCoordinatorOutput.swift */; };
		D50D256A217CC25B00DB39EC /* MainCoordinator.swift in Sources */ = {isa = PBXBuildFile; fileRef = D50D2569217CC25B00DB39EC /* MainCoordinator.swift */; };
		D50D256C217CC26F00DB39EC /* JoinGameCoordinatorOutput.swift in Sources */ = {isa = PBXBuildFile; fileRef = D50D256B217CC26F00DB39EC /* JoinGameCoordinatorOutput.swift */; };
		D50D256E217CC28700DB39EC /* JoinGameCoordinator.swift in Sources */ = {isa = PBXBuildFile; fileRef = D50D256D217CC28700DB39EC /* JoinGameCoordinator.swift */; };
		D50D2570217CC41800DB39EC /* OnboardingView.swift in Sources */ = {isa = PBXBuildFile; fileRef = D50D256F217CC41800DB39EC /* OnboardingView.swift */; };
		D50D2572217CC44C00DB39EC /* OnboardingController.swift in Sources */ = {isa = PBXBuildFile; fileRef = D50D2571217CC44C00DB39EC /* OnboardingController.swift */; };
		D50D2574217CC4D000DB39EC /* PageController.swift in Sources */ = {isa = PBXBuildFile; fileRef = D50D2573217CC4D000DB39EC /* PageController.swift */; };
		D50D2577217CC57C00DB39EC /* ModuleFactory.swift in Sources */ = {isa = PBXBuildFile; fileRef = D50D2576217CC57C00DB39EC /* ModuleFactory.swift */; };
		D50D2579217CC59400DB39EC /* ModuleFactoryImpl.swift in Sources */ = {isa = PBXBuildFile; fileRef = D50D2578217CC59400DB39EC /* ModuleFactoryImpl.swift */; };
		D50D257F217CC72400DB39EC /* SettingsCoordinatorOutput.swift in Sources */ = {isa = PBXBuildFile; fileRef = D50D257E217CC72400DB39EC /* SettingsCoordinatorOutput.swift */; };
		D50D2581217CC73500DB39EC /* SettingsCoordinator.swift in Sources */ = {isa = PBXBuildFile; fileRef = D50D2580217CC73500DB39EC /* SettingsCoordinator.swift */; };
		D50D2583217CC74900DB39EC /* SettingsView.swift in Sources */ = {isa = PBXBuildFile; fileRef = D50D2582217CC74900DB39EC /* SettingsView.swift */; };
		D50D2585217CC81700DB39EC /* SettingsController.swift in Sources */ = {isa = PBXBuildFile; fileRef = D50D2584217CC81700DB39EC /* SettingsController.swift */; };
		D50D2587217CC9B000DB39EC /* Settings.storyboard in Resources */ = {isa = PBXBuildFile; fileRef = D50D2586217CC9B000DB39EC /* Settings.storyboard */; };
		D50D2589217CCC8D00DB39EC /* JoinGameView.swift in Sources */ = {isa = PBXBuildFile; fileRef = D50D2588217CCC8D00DB39EC /* JoinGameView.swift */; };
		D50D258B217CCCB800DB39EC /* JoinGameController.swift in Sources */ = {isa = PBXBuildFile; fileRef = D50D258A217CCCB800DB39EC /* JoinGameController.swift */; };
		D50D258D217CCD3800DB39EC /* LoginView.swift in Sources */ = {isa = PBXBuildFile; fileRef = D50D258C217CCD3800DB39EC /* LoginView.swift */; };
		D50D258F217CCD4E00DB39EC /* SignUpView.swift in Sources */ = {isa = PBXBuildFile; fileRef = D50D258E217CCD4E00DB39EC /* SignUpView.swift */; };
		D50D2591217CCD5900DB39EC /* TermsView.swift in Sources */ = {isa = PBXBuildFile; fileRef = D50D2590217CCD5900DB39EC /* TermsView.swift */; };
		D50D2593217CCE1700DB39EC /* LoginController.swift in Sources */ = {isa = PBXBuildFile; fileRef = D50D2592217CCE1700DB39EC /* LoginController.swift */; };
		D50D2595217CCE2700DB39EC /* SignUpController.swift in Sources */ = {isa = PBXBuildFile; fileRef = D50D2594217CCE2700DB39EC /* SignUpController.swift */; };
		D50D2597217CCE3100DB39EC /* TermsController.swift in Sources */ = {isa = PBXBuildFile; fileRef = D50D2596217CCE3100DB39EC /* TermsController.swift */; };
		D50D259C217CFC5200DB39EC /* GameView.swift in Sources */ = {isa = PBXBuildFile; fileRef = D50D259B217CFC5200DB39EC /* GameView.swift */; };
		D50D259E217CFC6F00DB39EC /* GameController.swift in Sources */ = {isa = PBXBuildFile; fileRef = D50D259D217CFC6F00DB39EC /* GameController.swift */; };
		D50D25A0217D02F600DB39EC /* MainView.swift in Sources */ = {isa = PBXBuildFile; fileRef = D50D259F217D02F600DB39EC /* MainView.swift */; };
/* End PBXBuildFile section */

/* Begin PBXFileReference section */
		D50D250C217C91D500DB39EC /* LilaGame.app */ = {isa = PBXFileReference; explicitFileType = wrapper.application; includeInIndex = 0; path = LilaGame.app; sourceTree = BUILT_PRODUCTS_DIR; };
		D50D250F217C91D500DB39EC /* AppDelegate.swift */ = {isa = PBXFileReference; lastKnownFileType = sourcecode.swift; path = AppDelegate.swift; sourceTree = "<group>"; };
		D50D2511217C91D500DB39EC /* MainController.swift */ = {isa = PBXFileReference; lastKnownFileType = sourcecode.swift; path = MainController.swift; sourceTree = "<group>"; };
		D50D2514217C91D500DB39EC /* Base */ = {isa = PBXFileReference; lastKnownFileType = file.storyboard; name = Base; path = Base.lproj/Main.storyboard; sourceTree = "<group>"; };
		D50D2516217C91D800DB39EC /* Assets.xcassets */ = {isa = PBXFileReference; lastKnownFileType = folder.assetcatalog; path = Assets.xcassets; sourceTree = "<group>"; };
		D50D2519217C91D800DB39EC /* Base */ = {isa = PBXFileReference; lastKnownFileType = file.storyboard; name = Base; path = Base.lproj/LaunchScreen.storyboard; sourceTree = "<group>"; };
		D50D251B217C91D800DB39EC /* Info.plist */ = {isa = PBXFileReference; lastKnownFileType = text.plist.xml; path = Info.plist; sourceTree = "<group>"; };
		D50D252E217C97CC00DB39EC /* DeepLinkOption.swift */ = {isa = PBXFileReference; lastKnownFileType = sourcecode.swift; path = DeepLinkOption.swift; sourceTree = "<group>"; };
		D50D2531217C9A6100DB39EC /* BaseCoordinator.swift */ = {isa = PBXFileReference; lastKnownFileType = sourcecode.swift; path = BaseCoordinator.swift; sourceTree = "<group>"; };
		D50D2533217C9B2C00DB39EC /* Presentable.swift */ = {isa = PBXFileReference; lastKnownFileType = sourcecode.swift; path = Presentable.swift; sourceTree = "<group>"; };
		D50D2535217C9BF400DB39EC /* Router.swift */ = {isa = PBXFileReference; lastKnownFileType = sourcecode.swift; path = Router.swift; sourceTree = "<group>"; };
		D50D2537217C9C3800DB39EC /* RouterImpl.swift */ = {isa = PBXFileReference; lastKnownFileType = sourcecode.swift; path = RouterImpl.swift; sourceTree = "<group>"; };
		D50D2539217C9C7600DB39EC /* NSObjectExtensions.swift */ = {isa = PBXFileReference; lastKnownFileType = sourcecode.swift; path = NSObjectExtensions.swift; sourceTree = "<group>"; };
		D50D253B217C9EAD00DB39EC /* UIViewExtensions.swift */ = {isa = PBXFileReference; lastKnownFileType = sourcecode.swift; path = UIViewExtensions.swift; sourceTree = "<group>"; };
		D50D253D217C9ED700DB39EC /* UIViewControllerExtensions.swift */ = {isa = PBXFileReference; lastKnownFileType = sourcecode.swift; path = UIViewControllerExtensions.swift; sourceTree = "<group>"; };
		D50D253F217C9F2300DB39EC /* StoryboardsEnum.swift */ = {isa = PBXFileReference; lastKnownFileType = sourcecode.swift; path = StoryboardsEnum.swift; sourceTree = "<group>"; };
		D50D2541217CB1D500DB39EC /* Player.swift */ = {isa = PBXFileReference; lastKnownFileType = sourcecode.swift; path = Player.swift; sourceTree = "<group>"; };
		D50D2543217CB20000DB39EC /* Game.swift */ = {isa = PBXFileReference; lastKnownFileType = sourcecode.swift; path = Game.swift; sourceTree = "<group>"; };
		D50D2545217CB2A000DB39EC /* CoordinatorFactory.swift */ = {isa = PBXFileReference; lastKnownFileType = sourcecode.swift; path = CoordinatorFactory.swift; sourceTree = "<group>"; };
		D50D2548217CB2BD00DB39EC /* CoordinatorFactoryImpl.swift */ = {isa = PBXFileReference; lastKnownFileType = sourcecode.swift; path = CoordinatorFactoryImpl.swift; sourceTree = "<group>"; };
		D50D254A217CB4D000DB39EC /* OnboardingCoordinatorOutput.swift */ = {isa = PBXFileReference; lastKnownFileType = sourcecode.swift; path = OnboardingCoordinatorOutput.swift; sourceTree = "<group>"; };
		D50D254C217CBDEB00DB39EC /* OnboardingCoordinator.swift */ = {isa = PBXFileReference; lastKnownFileType = sourcecode.swift; path = OnboardingCoordinator.swift; sourceTree = "<group>"; };
		D50D254F217CBF7000DB39EC /* Auth.storyboard */ = {isa = PBXFileReference; lastKnownFileType = file.storyboard; path = Auth.storyboard; sourceTree = "<group>"; };
		D50D2551217CBF8100DB39EC /* Onboarding.storyboard */ = {isa = PBXFileReference; lastKnownFileType = file.storyboard; path = Onboarding.storyboard; sourceTree = "<group>"; };
		D50D2553217CBFB300DB39EC /* JoinGame.storyboard */ = {isa = PBXFileReference; lastKnownFileType = file.storyboard; path = JoinGame.storyboard; sourceTree = "<group>"; };
		D50D2555217CBFD200DB39EC /* Game.storyboard */ = {isa = PBXFileReference; lastKnownFileType = file.storyboard; path = Game.storyboard; sourceTree = "<group>"; };
		D50D255E217CC13900DB39EC /* AuthCoordinatorOutput.swift */ = {isa = PBXFileReference; lastKnownFileType = sourcecode.swift; path = AuthCoordinatorOutput.swift; sourceTree = "<group>"; };
		D50D2560217CC14500DB39EC /* AuthCoordinator.swift */ = {isa = PBXFileReference; lastKnownFileType = sourcecode.swift; path = AuthCoordinator.swift; sourceTree = "<group>"; };
		D50D2562217CC22500DB39EC /* GameCoordinatorOutput.swift */ = {isa = PBXFileReference; lastKnownFileType = sourcecode.swift; path = GameCoordinatorOutput.swift; sourceTree = "<group>"; };
		D50D2564217CC23400DB39EC /* GameCoordinator.swift */ = {isa = PBXFileReference; lastKnownFileType = sourcecode.swift; path = GameCoordinator.swift; sourceTree = "<group>"; };
		D50D2567217CC24A00DB39EC /* MainCoordinatorOutput.swift */ = {isa = PBXFileReference; lastKnownFileType = sourcecode.swift; path = MainCoordinatorOutput.swift; sourceTree = "<group>"; };
		D50D2569217CC25B00DB39EC /* MainCoordinator.swift */ = {isa = PBXFileReference; lastKnownFileType = sourcecode.swift; path = MainCoordinator.swift; sourceTree = "<group>"; };
		D50D256B217CC26F00DB39EC /* JoinGameCoordinatorOutput.swift */ = {isa = PBXFileReference; lastKnownFileType = sourcecode.swift; path = JoinGameCoordinatorOutput.swift; sourceTree = "<group>"; };
		D50D256D217CC28700DB39EC /* JoinGameCoordinator.swift */ = {isa = PBXFileReference; lastKnownFileType = sourcecode.swift; path = JoinGameCoordinator.swift; sourceTree = "<group>"; };
		D50D256F217CC41800DB39EC /* OnboardingView.swift */ = {isa = PBXFileReference; lastKnownFileType = sourcecode.swift; path = OnboardingView.swift; sourceTree = "<group>"; };
		D50D2571217CC44C00DB39EC /* OnboardingController.swift */ = {isa = PBXFileReference; lastKnownFileType = sourcecode.swift; path = OnboardingController.swift; sourceTree = "<group>"; };
		D50D2573217CC4D000DB39EC /* PageController.swift */ = {isa = PBXFileReference; lastKnownFileType = sourcecode.swift; path = PageController.swift; sourceTree = "<group>"; };
		D50D2576217CC57C00DB39EC /* ModuleFactory.swift */ = {isa = PBXFileReference; lastKnownFileType = sourcecode.swift; path = ModuleFactory.swift; sourceTree = "<group>"; };
		D50D2578217CC59400DB39EC /* ModuleFactoryImpl.swift */ = {isa = PBXFileReference; lastKnownFileType = sourcecode.swift; path = ModuleFactoryImpl.swift; sourceTree = "<group>"; };
		D50D257E217CC72400DB39EC /* SettingsCoordinatorOutput.swift */ = {isa = PBXFileReference; lastKnownFileType = sourcecode.swift; path = SettingsCoordinatorOutput.swift; sourceTree = "<group>"; };
		D50D2580217CC73500DB39EC /* SettingsCoordinator.swift */ = {isa = PBXFileReference; lastKnownFileType = sourcecode.swift; path = SettingsCoordinator.swift; sourceTree = "<group>"; };
		D50D2582217CC74900DB39EC /* SettingsView.swift */ = {isa = PBXFileReference; lastKnownFileType = sourcecode.swift; path = SettingsView.swift; sourceTree = "<group>"; };
		D50D2584217CC81700DB39EC /* SettingsController.swift */ = {isa = PBXFileReference; lastKnownFileType = sourcecode.swift; path = SettingsController.swift; sourceTree = "<group>"; };
		D50D2586217CC9B000DB39EC /* Settings.storyboard */ = {isa = PBXFileReference; lastKnownFileType = file.storyboard; path = Settings.storyboard; sourceTree = "<group>"; };
		D50D2588217CCC8D00DB39EC /* JoinGameView.swift */ = {isa = PBXFileReference; lastKnownFileType = sourcecode.swift; path = JoinGameView.swift; sourceTree = "<group>"; };
		D50D258A217CCCB800DB39EC /* JoinGameController.swift */ = {isa = PBXFileReference; lastKnownFileType = sourcecode.swift; path = JoinGameController.swift; sourceTree = "<group>"; };
		D50D258C217CCD3800DB39EC /* LoginView.swift */ = {isa = PBXFileReference; lastKnownFileType = sourcecode.swift; path = LoginView.swift; sourceTree = "<group>"; };
		D50D258E217CCD4E00DB39EC /* SignUpView.swift */ = {isa = PBXFileReference; lastKnownFileType = sourcecode.swift; path = SignUpView.swift; sourceTree = "<group>"; };
		D50D2590217CCD5900DB39EC /* TermsView.swift */ = {isa = PBXFileReference; lastKnownFileType = sourcecode.swift; path = TermsView.swift; sourceTree = "<group>"; };
		D50D2592217CCE1700DB39EC /* LoginController.swift */ = {isa = PBXFileReference; lastKnownFileType = sourcecode.swift; path = LoginController.swift; sourceTree = "<group>"; };
		D50D2594217CCE2700DB39EC /* SignUpController.swift */ = {isa = PBXFileReference; lastKnownFileType = sourcecode.swift; path = SignUpController.swift; sourceTree = "<group>"; };
		D50D2596217CCE3100DB39EC /* TermsController.swift */ = {isa = PBXFileReference; lastKnownFileType = sourcecode.swift; path = TermsController.swift; sourceTree = "<group>"; };
		D50D2599217CCF9200DB39EC /* UIKit.framework */ = {isa = PBXFileReference; lastKnownFileType = wrapper.framework; name = UIKit.framework; path = System/Library/Frameworks/UIKit.framework; sourceTree = SDKROOT; };
		D50D259B217CFC5200DB39EC /* GameView.swift */ = {isa = PBXFileReference; lastKnownFileType = sourcecode.swift; path = GameView.swift; sourceTree = "<group>"; };
		D50D259D217CFC6F00DB39EC /* GameController.swift */ = {isa = PBXFileReference; lastKnownFileType = sourcecode.swift; path = GameController.swift; sourceTree = "<group>"; };
		D50D259F217D02F600DB39EC /* MainView.swift */ = {isa = PBXFileReference; lastKnownFileType = sourcecode.swift; path = MainView.swift; sourceTree = "<group>"; };
/* End PBXFileReference section */

/* Begin PBXFrameworksBuildPhase section */
		D50D2509217C91D500DB39EC /* Frameworks */ = {
			isa = PBXFrameworksBuildPhase;
			buildActionMask = 2147483647;
			files = (
			);
			runOnlyForDeploymentPostprocessing = 0;
		};
/* End PBXFrameworksBuildPhase section */

/* Begin PBXGroup section */
		D50D2503217C91D500DB39EC = {
			isa = PBXGroup;
			children = (
				D50D250E217C91D500DB39EC /* LilaGame */,
				D50D250D217C91D500DB39EC /* Products */,
				D50D2598217CCF9100DB39EC /* Frameworks */,
			);
			sourceTree = "<group>";
		};
		D50D250D217C91D500DB39EC /* Products */ = {
			isa = PBXGroup;
			children = (
				D50D250C217C91D500DB39EC /* LilaGame.app */,
			);
			name = Products;
			sourceTree = "<group>";
		};
		D50D250E217C91D500DB39EC /* LilaGame */ = {
			isa = PBXGroup;
			children = (
				D50D2521217C925200DB39EC /* Application */,
				D50D2529217C93F900DB39EC /* Coordinator */,
				D50D2528217C93F100DB39EC /* Router */,
				D50D2526217C934800DB39EC /* Flows */,
				D50D2525217C930700DB39EC /* Factories */,
				D50D2524217C92FA00DB39EC /* Models */,
				D50D2527217C93AB00DB39EC /* Extensions */,
				D50D2522217C929100DB39EC /* Storyboards */,
				D50D2523217C92AE00DB39EC /* Resources */,
			);
			path = LilaGame;
			sourceTree = "<group>";
		};
		D50D2521217C925200DB39EC /* Application */ = {
			isa = PBXGroup;
			children = (
				D50D250F217C91D500DB39EC /* AppDelegate.swift */,
			);
			path = Application;
			sourceTree = "<group>";
		};
		D50D2522217C929100DB39EC /* Storyboards */ = {
			isa = PBXGroup;
			children = (
				D50D253F217C9F2300DB39EC /* StoryboardsEnum.swift */,
				D50D2513217C91D500DB39EC /* Main.storyboard */,
				D50D2551217CBF8100DB39EC /* Onboarding.storyboard */,
				D50D254F217CBF7000DB39EC /* Auth.storyboard */,
				D50D2553217CBFB300DB39EC /* JoinGame.storyboard */,
				D50D2555217CBFD200DB39EC /* Game.storyboard */,
				D50D2586217CC9B000DB39EC /* Settings.storyboard */,
			);
			path = Storyboards;
			sourceTree = "<group>";
		};
		D50D2523217C92AE00DB39EC /* Resources */ = {
			isa = PBXGroup;
			children = (
				D50D2516217C91D800DB39EC /* Assets.xcassets */,
				D50D2518217C91D800DB39EC /* LaunchScreen.storyboard */,
				D50D251B217C91D800DB39EC /* Info.plist */,
			);
			path = Resources;
			sourceTree = "<group>";
		};
		D50D2524217C92FA00DB39EC /* Models */ = {
			isa = PBXGroup;
			children = (
				D50D2541217CB1D500DB39EC /* Player.swift */,
				D50D2543217CB20000DB39EC /* Game.swift */,
			);
			path = Models;
			sourceTree = "<group>";
		};
		D50D2525217C930700DB39EC /* Factories */ = {
			isa = PBXGroup;
			children = (
				D50D2575217CC55A00DB39EC /* ModuleFactory */,
				D50D2547217CB2A500DB39EC /* CoordinatorFactory */,
			);
			path = Factories;
			sourceTree = "<group>";
		};
		D50D2526217C934800DB39EC /* Flows */ = {
			isa = PBXGroup;
			children = (
				D50D2558217CC01200DB39EC /* MainFlow */,
				D50D252B217C943200DB39EC /* JoinGameFlow */,
				D50D257C217CC6F500DB39EC /* SettingsFlow */,
				D50D252A217C942A00DB39EC /* OnboardingFlow */,
				D50D2557217CBFE500DB39EC /* GameFlow */,
				D50D254E217CBF0F00DB39EC /* AuthFlow */,
			);
			path = Flows;
			sourceTree = "<group>";
		};
		D50D2527217C93AB00DB39EC /* Extensions */ = {
			isa = PBXGroup;
			children = (
				D50D2539217C9C7600DB39EC /* NSObjectExtensions.swift */,
				D50D253B217C9EAD00DB39EC /* UIViewExtensions.swift */,
				D50D253D217C9ED700DB39EC /* UIViewControllerExtensions.swift */,
			);
			path = Extensions;
			sourceTree = "<group>";
		};
		D50D2528217C93F100DB39EC /* Router */ = {
			isa = PBXGroup;
			children = (
				D50D2535217C9BF400DB39EC /* Router.swift */,
				D50D2537217C9C3800DB39EC /* RouterImpl.swift */,
			);
			path = Router;
			sourceTree = "<group>";
		};
		D50D2529217C93F900DB39EC /* Coordinator */ = {
			isa = PBXGroup;
			children = (
				D50D2531217C9A6100DB39EC /* BaseCoordinator.swift */,
				D50D2533217C9B2C00DB39EC /* Presentable.swift */,
				D50D252E217C97CC00DB39EC /* DeepLinkOption.swift */,
			);
			path = Coordinator;
			sourceTree = "<group>";
		};
		D50D252A217C942A00DB39EC /* OnboardingFlow */ = {
			isa = PBXGroup;
			children = (
				D50D254A217CB4D000DB39EC /* OnboardingCoordinatorOutput.swift */,
				D50D254C217CBDEB00DB39EC /* OnboardingCoordinator.swift */,
				D50D2559217CC0D700DB39EC /* Controllers */,
			);
			path = OnboardingFlow;
			sourceTree = "<group>";
		};
		D50D252B217C943200DB39EC /* JoinGameFlow */ = {
			isa = PBXGroup;
			children = (
				D50D256B217CC26F00DB39EC /* JoinGameCoordinatorOutput.swift */,
				D50D256D217CC28700DB39EC /* JoinGameCoordinator.swift */,
				D50D255D217CC0FE00DB39EC /* Controllers */,
			);
			path = JoinGameFlow;
			sourceTree = "<group>";
		};
		D50D2547217CB2A500DB39EC /* CoordinatorFactory */ = {
			isa = PBXGroup;
			children = (
				D50D2545217CB2A000DB39EC /* CoordinatorFactory.swift */,
				D50D2548217CB2BD00DB39EC /* CoordinatorFactoryImpl.swift */,
			);
			path = CoordinatorFactory;
			sourceTree = "<group>";
		};
		D50D254E217CBF0F00DB39EC /* AuthFlow */ = {
			isa = PBXGroup;
			children = (
				D50D255E217CC13900DB39EC /* AuthCoordinatorOutput.swift */,
				D50D2560217CC14500DB39EC /* AuthCoordinator.swift */,
				D50D255C217CC0F400DB39EC /* Controllers */,
			);
			path = AuthFlow;
			sourceTree = "<group>";
		};
		D50D2557217CBFE500DB39EC /* GameFlow */ = {
			isa = PBXGroup;
			children = (
				D50D2562217CC22500DB39EC /* GameCoordinatorOutput.swift */,
				D50D2564217CC23400DB39EC /* GameCoordinator.swift */,
				D50D255B217CC0ED00DB39EC /* Controllers */,
			);
			path = GameFlow;
			sourceTree = "<group>";
		};
		D50D2558217CC01200DB39EC /* MainFlow */ = {
			isa = PBXGroup;
			children = (
				D50D2567217CC24A00DB39EC /* MainCoordinatorOutput.swift */,
				D50D2569217CC25B00DB39EC /* MainCoordinator.swift */,
				D50D255A217CC0E300DB39EC /* Controllers */,
			);
			path = MainFlow;
			sourceTree = "<group>";
		};
		D50D2559217CC0D700DB39EC /* Controllers */ = {
			isa = PBXGroup;
			children = (
				D50D256F217CC41800DB39EC /* OnboardingView.swift */,
				D50D2571217CC44C00DB39EC /* OnboardingController.swift */,
				D50D2573217CC4D000DB39EC /* PageController.swift */,
			);
			path = Controllers;
			sourceTree = "<group>";
		};
		D50D255A217CC0E300DB39EC /* Controllers */ = {
			isa = PBXGroup;
			children = (
				D50D259F217D02F600DB39EC /* MainView.swift */,
				D50D2511217C91D500DB39EC /* MainController.swift */,
			);
			path = Controllers;
			sourceTree = "<group>";
		};
		D50D255B217CC0ED00DB39EC /* Controllers */ = {
			isa = PBXGroup;
			children = (
				D50D259B217CFC5200DB39EC /* GameView.swift */,
				D50D259D217CFC6F00DB39EC /* GameController.swift */,
			);
			path = Controllers;
			sourceTree = "<group>";
		};
		D50D255C217CC0F400DB39EC /* Controllers */ = {
			isa = PBXGroup;
			children = (
				D50D258C217CCD3800DB39EC /* LoginView.swift */,
				D50D2592217CCE1700DB39EC /* LoginController.swift */,
				D50D258E217CCD4E00DB39EC /* SignUpView.swift */,
				D50D2594217CCE2700DB39EC /* SignUpController.swift */,
				D50D2590217CCD5900DB39EC /* TermsView.swift */,
				D50D2596217CCE3100DB39EC /* TermsController.swift */,
			);
			path = Controllers;
			sourceTree = "<group>";
		};
		D50D255D217CC0FE00DB39EC /* Controllers */ = {
			isa = PBXGroup;
			children = (
				D50D2588217CCC8D00DB39EC /* JoinGameView.swift */,
				D50D258A217CCCB800DB39EC /* JoinGameController.swift */,
			);
			path = Controllers;
			sourceTree = "<group>";
		};
		D50D2575217CC55A00DB39EC /* ModuleFactory */ = {
			isa = PBXGroup;
			children = (
				D50D2576217CC57C00DB39EC /* ModuleFactory.swift */,
				D50D2578217CC59400DB39EC /* ModuleFactoryImpl.swift */,
			);
			path = ModuleFactory;
			sourceTree = "<group>";
		};
		D50D257C217CC6F500DB39EC /* SettingsFlow */ = {
			isa = PBXGroup;
			children = (
				D50D257E217CC72400DB39EC /* SettingsCoordinatorOutput.swift */,
				D50D2580217CC73500DB39EC /* SettingsCoordinator.swift */,
				D50D257D217CC70400DB39EC /* Controllers */,
			);
			path = SettingsFlow;
			sourceTree = "<group>";
		};
		D50D257D217CC70400DB39EC /* Controllers */ = {
			isa = PBXGroup;
			children = (
				D50D2582217CC74900DB39EC /* SettingsView.swift */,
				D50D2584217CC81700DB39EC /* SettingsController.swift */,
			);
			path = Controllers;
			sourceTree = "<group>";
		};
		D50D2598217CCF9100DB39EC /* Frameworks */ = {
			isa = PBXGroup;
			children = (
				D50D2599217CCF9200DB39EC /* UIKit.framework */,
			);
			name = Frameworks;
			sourceTree = "<group>";
		};
/* End PBXGroup section */

/* Begin PBXNativeTarget section */
		D50D250B217C91D500DB39EC /* LilaGame */ = {
			isa = PBXNativeTarget;
			buildConfigurationList = D50D251E217C91D800DB39EC /* Build configuration list for PBXNativeTarget "LilaGame" */;
			buildPhases = (
				D50D2508217C91D500DB39EC /* Sources */,
				D50D2509217C91D500DB39EC /* Frameworks */,
				D50D250A217C91D500DB39EC /* Resources */,
			);
			buildRules = (
			);
			dependencies = (
			);
			name = LilaGame;
			productName = LilaGame;
			productReference = D50D250C217C91D500DB39EC /* LilaGame.app */;
			productType = "com.apple.product-type.application";
		};
/* End PBXNativeTarget section */

/* Begin PBXProject section */
		D50D2504217C91D500DB39EC /* Project object */ = {
			isa = PBXProject;
			attributes = {
				LastSwiftUpdateCheck = 1000;
				LastUpgradeCheck = 1000;
				ORGANIZATIONNAME = "Radio Shaolin";
				TargetAttributes = {
					D50D250B217C91D500DB39EC = {
						CreatedOnToolsVersion = 10.0;
					};
				};
			};
			buildConfigurationList = D50D2507217C91D500DB39EC /* Build configuration list for PBXProject "LilaGame" */;
			compatibilityVersion = "Xcode 9.3";
			developmentRegion = en;
			hasScannedForEncodings = 0;
			knownRegions = (
				en,
				Base,
			);
			mainGroup = D50D2503217C91D500DB39EC;
			productRefGroup = D50D250D217C91D500DB39EC /* Products */;
			projectDirPath = "";
			projectRoot = "";
			targets = (
				D50D250B217C91D500DB39EC /* LilaGame */,
			);
		};
/* End PBXProject section */

/* Begin PBXResourcesBuildPhase section */
		D50D250A217C91D500DB39EC /* Resources */ = {
			isa = PBXResourcesBuildPhase;
			buildActionMask = 2147483647;
			files = (
				D50D2554217CBFB300DB39EC /* JoinGame.storyboard in Resources */,
				D50D2550217CBF7000DB39EC /* Auth.storyboard in Resources */,
				D50D2556217CBFD200DB39EC /* Game.storyboard in Resources */,
				D50D2587217CC9B000DB39EC /* Settings.storyboard in Resources */,
				D50D2552217CBF8100DB39EC /* Onboarding.storyboard in Resources */,
				D50D251A217C91D800DB39EC /* LaunchScreen.storyboard in Resources */,
				D50D2517217C91D800DB39EC /* Assets.xcassets in Resources */,
				D50D2515217C91D500DB39EC /* Main.storyboard in Resources */,
			);
			runOnlyForDeploymentPostprocessing = 0;
		};
/* End PBXResourcesBuildPhase section */

/* Begin PBXSourcesBuildPhase section */
		D50D2508217C91D500DB39EC /* Sources */ = {
			isa = PBXSourcesBuildPhase;
			buildActionMask = 2147483647;
			files = (
				D50D2589217CCC8D00DB39EC /* JoinGameView.swift in Sources */,
				D50D2532217C9A6100DB39EC /* BaseCoordinator.swift in Sources */,
				D50D2538217C9C3800DB39EC /* RouterImpl.swift in Sources */,
				D50D2540217C9F2300DB39EC /* StoryboardsEnum.swift in Sources */,
				D50D259C217CFC5200DB39EC /* GameView.swift in Sources */,
				D50D2577217CC57C00DB39EC /* ModuleFactory.swift in Sources */,
				D50D2565217CC23400DB39EC /* GameCoordinator.swift in Sources */,
				D50D2544217CB20000DB39EC /* Game.swift in Sources */,
				D50D253E217C9ED700DB39EC /* UIViewControllerExtensions.swift in Sources */,
				D50D2549217CB2BD00DB39EC /* CoordinatorFactoryImpl.swift in Sources */,
				D50D2542217CB1D500DB39EC /* Player.swift in Sources */,
				D50D2581217CC73500DB39EC /* SettingsCoordinator.swift in Sources */,
				D50D256A217CC25B00DB39EC /* MainCoordinator.swift in Sources */,
				D50D2579217CC59400DB39EC /* ModuleFactoryImpl.swift in Sources */,
				D50D258D217CCD3800DB39EC /* LoginView.swift in Sources */,
				D50D256C217CC26F00DB39EC /* JoinGameCoordinatorOutput.swift in Sources */,
				D50D2568217CC24A00DB39EC /* MainCoordinatorOutput.swift in Sources */,
				D50D2570217CC41800DB39EC /* OnboardingView.swift in Sources */,
				D50D256E217CC28700DB39EC /* JoinGameCoordinator.swift in Sources */,
				D50D252F217C97CC00DB39EC /* DeepLinkOption.swift in Sources */,
				D50D253A217C9C7600DB39EC /* NSObjectExtensions.swift in Sources */,
				D50D2512217C91D500DB39EC /* MainController.swift in Sources */,
				D50D2546217CB2A000DB39EC /* CoordinatorFactory.swift in Sources */,
				D50D2591217CCD5900DB39EC /* TermsView.swift in Sources */,
				D50D2597217CCE3100DB39EC /* TermsController.swift in Sources */,
				D50D258B217CCCB800DB39EC /* JoinGameController.swift in Sources */,
				D50D2585217CC81700DB39EC /* SettingsController.swift in Sources */,
				D50D258F217CCD4E00DB39EC /* SignUpView.swift in Sources */,
				D50D25A0217D02F600DB39EC /* MainView.swift in Sources */,
				D50D2510217C91D500DB39EC /* AppDelegate.swift in Sources */,
				D50D2583217CC74900DB39EC /* SettingsView.swift in Sources */,
				D50D254B217CB4D000DB39EC /* OnboardingCoordinatorOutput.swift in Sources */,
				D50D2593217CCE1700DB39EC /* LoginController.swift in Sources */,
				D50D2563217CC22500DB39EC /* GameCoordinatorOutput.swift in Sources */,
				D50D2561217CC14500DB39EC /* AuthCoordinator.swift in Sources */,
				D50D255F217CC13900DB39EC /* AuthCoordinatorOutput.swift in Sources */,
				D50D2536217C9BF400DB39EC /* Router.swift in Sources */,
				D50D2595217CCE2700DB39EC /* SignUpController.swift in Sources */,
				D50D253C217C9EAD00DB39EC /* UIViewExtensions.swift in Sources */,
				D50D257F217CC72400DB39EC /* SettingsCoordinatorOutput.swift in Sources */,
				D50D2574217CC4D000DB39EC /* PageController.swift in Sources */,
				D50D2534217C9B2C00DB39EC /* Presentable.swift in Sources */,
				D50D259E217CFC6F00DB39EC /* GameController.swift in Sources */,
				D50D254D217CBDEB00DB39EC /* OnboardingCoordinator.swift in Sources */,
				D50D2572217CC44C00DB39EC /* OnboardingController.swift in Sources */,
			);
			runOnlyForDeploymentPostprocessing = 0;
		};
/* End PBXSourcesBuildPhase section */

/* Begin PBXVariantGroup section */
		D50D2513217C91D500DB39EC /* Main.storyboard */ = {
			isa = PBXVariantGroup;
			children = (
				D50D2514217C91D500DB39EC /* Base */,
			);
			name = Main.storyboard;
			sourceTree = "<group>";
		};
		D50D2518217C91D800DB39EC /* LaunchScreen.storyboard */ = {
			isa = PBXVariantGroup;
			children = (
				D50D2519217C91D800DB39EC /* Base */,
			);
			name = LaunchScreen.storyboard;
			sourceTree = "<group>";
		};
/* End PBXVariantGroup section */

/* Begin XCBuildConfiguration section */
		D50D251C217C91D800DB39EC /* Debug */ = {
			isa = XCBuildConfiguration;
			buildSettings = {
				ALWAYS_SEARCH_USER_PATHS = NO;
				CLANG_ANALYZER_NONNULL = YES;
				CLANG_ANALYZER_NUMBER_OBJECT_CONVERSION = YES_AGGRESSIVE;
				CLANG_CXX_LANGUAGE_STANDARD = "gnu++14";
				CLANG_CXX_LIBRARY = "libc++";
				CLANG_ENABLE_MODULES = YES;
				CLANG_ENABLE_OBJC_ARC = YES;
				CLANG_ENABLE_OBJC_WEAK = YES;
				CLANG_WARN_BLOCK_CAPTURE_AUTORELEASING = YES;
				CLANG_WARN_BOOL_CONVERSION = YES;
				CLANG_WARN_COMMA = YES;
				CLANG_WARN_CONSTANT_CONVERSION = YES;
				CLANG_WARN_DEPRECATED_OBJC_IMPLEMENTATIONS = YES;
				CLANG_WARN_DIRECT_OBJC_ISA_USAGE = YES_ERROR;
				CLANG_WARN_DOCUMENTATION_COMMENTS = YES;
				CLANG_WARN_EMPTY_BODY = YES;
				CLANG_WARN_ENUM_CONVERSION = YES;
				CLANG_WARN_INFINITE_RECURSION = YES;
				CLANG_WARN_INT_CONVERSION = YES;
				CLANG_WARN_NON_LITERAL_NULL_CONVERSION = YES;
				CLANG_WARN_OBJC_IMPLICIT_RETAIN_SELF = YES;
				CLANG_WARN_OBJC_LITERAL_CONVERSION = YES;
				CLANG_WARN_OBJC_ROOT_CLASS = YES_ERROR;
				CLANG_WARN_RANGE_LOOP_ANALYSIS = YES;
				CLANG_WARN_STRICT_PROTOTYPES = YES;
				CLANG_WARN_SUSPICIOUS_MOVE = YES;
				CLANG_WARN_UNGUARDED_AVAILABILITY = YES_AGGRESSIVE;
				CLANG_WARN_UNREACHABLE_CODE = YES;
				CLANG_WARN__DUPLICATE_METHOD_MATCH = YES;
				CODE_SIGN_IDENTITY = "iPhone Developer";
				COPY_PHASE_STRIP = NO;
				DEBUG_INFORMATION_FORMAT = dwarf;
				ENABLE_STRICT_OBJC_MSGSEND = YES;
				ENABLE_TESTABILITY = YES;
				GCC_C_LANGUAGE_STANDARD = gnu11;
				GCC_DYNAMIC_NO_PIC = NO;
				GCC_NO_COMMON_BLOCKS = YES;
				GCC_OPTIMIZATION_LEVEL = 0;
				GCC_PREPROCESSOR_DEFINITIONS = (
					"DEBUG=1",
					"$(inherited)",
				);
				GCC_WARN_64_TO_32_BIT_CONVERSION = YES;
				GCC_WARN_ABOUT_RETURN_TYPE = YES_ERROR;
				GCC_WARN_UNDECLARED_SELECTOR = YES;
				GCC_WARN_UNINITIALIZED_AUTOS = YES_AGGRESSIVE;
				GCC_WARN_UNUSED_FUNCTION = YES;
				GCC_WARN_UNUSED_VARIABLE = YES;
				IPHONEOS_DEPLOYMENT_TARGET = 12.0;
				MTL_ENABLE_DEBUG_INFO = INCLUDE_SOURCE;
				MTL_FAST_MATH = YES;
				ONLY_ACTIVE_ARCH = YES;
				SDKROOT = iphoneos;
				SWIFT_ACTIVE_COMPILATION_CONDITIONS = DEBUG;
				SWIFT_OPTIMIZATION_LEVEL = "-Onone";
			};
			name = Debug;
		};
		D50D251D217C91D800DB39EC /* Release */ = {
			isa = XCBuildConfiguration;
			buildSettings = {
				ALWAYS_SEARCH_USER_PATHS = NO;
				CLANG_ANALYZER_NONNULL = YES;
				CLANG_ANALYZER_NUMBER_OBJECT_CONVERSION = YES_AGGRESSIVE;
				CLANG_CXX_LANGUAGE_STANDARD = "gnu++14";
				CLANG_CXX_LIBRARY = "libc++";
				CLANG_ENABLE_MODULES = YES;
				CLANG_ENABLE_OBJC_ARC = YES;
				CLANG_ENABLE_OBJC_WEAK = YES;
				CLANG_WARN_BLOCK_CAPTURE_AUTORELEASING = YES;
				CLANG_WARN_BOOL_CONVERSION = YES;
				CLANG_WARN_COMMA = YES;
				CLANG_WARN_CONSTANT_CONVERSION = YES;
				CLANG_WARN_DEPRECATED_OBJC_IMPLEMENTATIONS = YES;
				CLANG_WARN_DIRECT_OBJC_ISA_USAGE = YES_ERROR;
				CLANG_WARN_DOCUMENTATION_COMMENTS = YES;
				CLANG_WARN_EMPTY_BODY = YES;
				CLANG_WARN_ENUM_CONVERSION = YES;
				CLANG_WARN_INFINITE_RECURSION = YES;
				CLANG_WARN_INT_CONVERSION = YES;
				CLANG_WARN_NON_LITERAL_NULL_CONVERSION = YES;
				CLANG_WARN_OBJC_IMPLICIT_RETAIN_SELF = YES;
				CLANG_WARN_OBJC_LITERAL_CONVERSION = YES;
				CLANG_WARN_OBJC_ROOT_CLASS = YES_ERROR;
				CLANG_WARN_RANGE_LOOP_ANALYSIS = YES;
				CLANG_WARN_STRICT_PROTOTYPES = YES;
				CLANG_WARN_SUSPICIOUS_MOVE = YES;
				CLANG_WARN_UNGUARDED_AVAILABILITY = YES_AGGRESSIVE;
				CLANG_WARN_UNREACHABLE_CODE = YES;
				CLANG_WARN__DUPLICATE_METHOD_MATCH = YES;
				CODE_SIGN_IDENTITY = "iPhone Developer";
				COPY_PHASE_STRIP = NO;
				DEBUG_INFORMATION_FORMAT = "dwarf-with-dsym";
				ENABLE_NS_ASSERTIONS = NO;
				ENABLE_STRICT_OBJC_MSGSEND = YES;
				GCC_C_LANGUAGE_STANDARD = gnu11;
				GCC_NO_COMMON_BLOCKS = YES;
				GCC_WARN_64_TO_32_BIT_CONVERSION = YES;
				GCC_WARN_ABOUT_RETURN_TYPE = YES_ERROR;
				GCC_WARN_UNDECLARED_SELECTOR = YES;
				GCC_WARN_UNINITIALIZED_AUTOS = YES_AGGRESSIVE;
				GCC_WARN_UNUSED_FUNCTION = YES;
				GCC_WARN_UNUSED_VARIABLE = YES;
				IPHONEOS_DEPLOYMENT_TARGET = 12.0;
				MTL_ENABLE_DEBUG_INFO = NO;
				MTL_FAST_MATH = YES;
				SDKROOT = iphoneos;
				SWIFT_COMPILATION_MODE = wholemodule;
				SWIFT_OPTIMIZATION_LEVEL = "-O";
				VALIDATE_PRODUCT = YES;
			};
			name = Release;
		};
		D50D251F217C91D800DB39EC /* Debug */ = {
			isa = XCBuildConfiguration;
			buildSettings = {
				ASSETCATALOG_COMPILER_APPICON_NAME = AppIcon;
				CODE_SIGN_STYLE = Automatic;
				DEVELOPMENT_TEAM = VX2YJU32EW;
				INFOPLIST_FILE = "$(SRCROOT)/LilaGame/Resources/Info.plist";
				LD_RUNPATH_SEARCH_PATHS = (
					"$(inherited)",
					"@executable_path/Frameworks",
				);
				PRODUCT_BUNDLE_IDENTIFIER = com.radioshaolin.LilaGame;
				PRODUCT_NAME = "$(TARGET_NAME)";
				SWIFT_VERSION = 4.2;
				TARGETED_DEVICE_FAMILY = "1,2";
			};
			name = Debug;
		};
		D50D2520217C91D800DB39EC /* Release */ = {
			isa = XCBuildConfiguration;
			buildSettings = {
				ASSETCATALOG_COMPILER_APPICON_NAME = AppIcon;
				CODE_SIGN_STYLE = Automatic;
				DEVELOPMENT_TEAM = VX2YJU32EW;
				INFOPLIST_FILE = "$(SRCROOT)/LilaGame/Resources/Info.plist";
				LD_RUNPATH_SEARCH_PATHS = (
					"$(inherited)",
					"@executable_path/Frameworks",
				);
				PRODUCT_BUNDLE_IDENTIFIER = com.radioshaolin.LilaGame;
				PRODUCT_NAME = "$(TARGET_NAME)";
				SWIFT_VERSION = 4.2;
				TARGETED_DEVICE_FAMILY = "1,2";
			};
			name = Release;
		};
/* End XCBuildConfiguration section */

/* Begin XCConfigurationList section */
		D50D2507217C91D500DB39EC /* Build configuration list for PBXProject "LilaGame" */ = {
			isa = XCConfigurationList;
			buildConfigurations = (
				D50D251C217C91D800DB39EC /* Debug */,
				D50D251D217C91D800DB39EC /* Release */,
			);
			defaultConfigurationIsVisible = 0;
			defaultConfigurationName = Release;
		};
		D50D251E217C91D800DB39EC /* Build configuration list for PBXNativeTarget "LilaGame" */ = {
			isa = XCConfigurationList;
			buildConfigurations = (
				D50D251F217C91D800DB39EC /* Debug */,
				D50D2520217C91D800DB39EC /* Release */,
			);
			defaultConfigurationIsVisible = 0;
			defaultConfigurationName = Release;
		};
/* End XCConfigurationList section */
	};
	rootObject = D50D2504217C91D500DB39EC /* Project object */;
}
